Microsoft Visual Studio Solution File, Format Version 12.00
# Visual Studio Version 17
VisualStudioVersion = 17.5.2.0
MinimumVisualStudioVersion = 10.0.40219.1
Project("{FAE04EC0-301F-11D3-BF4B-00C04F79EFBC}") = "GrabbingChecks", "GrabbingChecks.csproj", "{57FC1FFD-8478-F473-E8A6-6E1D8036226E}"
EndProject
Global
	GlobalSection(SolutionConfigurationPlatforms) = preSolution
		Debug|Any CPU = Debug|Any CPU
		Release|Any CPU = Release|Any CPU
	EndGlobalSection
	GlobalSection(ProjectConfigurationPlatforms) = postSolution
		{57FC1FFD-8478-F473-E8A6-6E1D8036226E}.Debug|Any CPU.ActiveCfg = Debug|Any CPU
		{57FC1FFD-8478-F473-E8A6-6E1D8036226E}.Debug|Any CPU.Build.0 = Debug|Any CPU
		{57FC1FFD-8478-F473-E8A6-6E1D8036226E}.Release|Any CPU.ActiveCfg = Release|Any CPU
		{57FC1FFD-8478-F473-E8A6-6E1D8036226E}.Release|Any CPU.Build.0 = Release|Any CPU
	EndGlobalSection
	GlobalSection(SolutionProperties) = preSolution
		HideSolutionNode = FALSE
	EndGlobalSection
	GlobalSection(ExtensibilityGlobals) = postSolution
		SolutionGuid = {3B3510E9-89EE-47B8-A2F7-CF1F6B295264}
	EndGlobalSection
EndGlobal
